
Microsoft Visual Studio Solution File, Format Version 12.00
# Visual Studio 2013
VisualStudioVersion = 12.0.31101.0
MinimumVisualStudioVersion = 10.0.40219.1
Project("{2150E333-8FDC-42A3-9474-1A3956D46DE8}") = "TsinghuaNet", "TsinghuaNet", "{466A0B9A-789F-4347-9914-FE7EE691362C}"
EndProject
Project("{D954291E-2A0B-460D-934E-DC6B0785DB48}") = "TsinghuaNet.Shared", "TsinghuaNet\TsinghuaNet.Shared\TsinghuaNet.Shared.shproj", "{53EAFDCD-C3EA-4792-AB30-DBD4987CF04F}"
EndProject
Project("{FAE04EC0-301F-11D3-BF4B-00C04F79EFBC}") = "TsinghuaNet.Windows", "TsinghuaNet\TsinghuaNet.Windows\TsinghuaNet.Windows.csproj", "{1ED5FB87-2923-4335-8972-820B10D95F75}"
	ProjectSection(ProjectDependencies) = postProject
		{325C93EF-3A24-4BE4-90B4-528C1197D2CE} = {325C93EF-3A24-4BE4-90B4-528C1197D2CE}
	EndProjectSection
EndProject
Project("{FAE04EC0-301F-11D3-BF4B-00C04F79EFBC}") = "TsinghuaNet.WindowsPhone", "TsinghuaNet\TsinghuaNet.WindowsPhone\TsinghuaNet.WindowsPhone.csproj", "{EBB065FD-81A8-4212-88E0-3621CDB6CAA4}"
	ProjectSection(ProjectDependencies) = postProject
		{325C93EF-3A24-4BE4-90B4-528C1197D2CE} = {325C93EF-3A24-4BE4-90B4-528C1197D2CE}
	EndProjectSection
EndProject
Project("{FAE04EC0-301F-11D3-BF4B-00C04F79EFBC}") = "Tasks", "Tasks\Tasks.csproj", "{325C93EF-3A24-4BE4-90B4-528C1197D2CE}"
EndProject
Global
	GlobalSection(SharedMSBuildProjectFiles) = preSolution
		TsinghuaNet\TsinghuaNet.Shared\TsinghuaNet.Shared.projitems*{1ed5fb87-2923-4335-8972-820b10d95f75}*SharedItemsImports = 4
		TsinghuaNet\TsinghuaNet.Shared\TsinghuaNet.Shared.projitems*{53eafdcd-c3ea-4792-ab30-dbd4987cf04f}*SharedItemsImports = 13
		TsinghuaNet\TsinghuaNet.Shared\TsinghuaNet.Shared.projitems*{ebb065fd-81a8-4212-88e0-3621cdb6caa4}*SharedItemsImports = 4
	EndGlobalSection
	GlobalSection(TeamFoundationVersionControl) = preSolution
		SccNumberOfProjects = 6
		SccEnterpriseProvider = {4CA58AB2-18FA-4F8D-95D4-32DDF27D184C}
		SccTeamFoundationServer = https://liuzhengyuan13.visualstudio.com/defaultcollection
		SccLocalPath0 = .
		SccProjectUniqueName1 = TsinghuaNet\\TsinghuaNet.Shared\\TsinghuaNet.Shared.projitems
		SccProjectTopLevelParentUniqueName1 = TsinghuaNet.sln
		SccProjectName1 = TsinghuaNet/TsinghuaNet.Shared
		SccLocalPath1 = TsinghuaNet\\TsinghuaNet.Shared
		SccProjectUniqueName2 = TsinghuaNet\\TsinghuaNet.Shared\\TsinghuaNet.Shared.shproj
		SccProjectTopLevelParentUniqueName2 = TsinghuaNet.sln
		SccProjectName2 = TsinghuaNet/TsinghuaNet.Shared
		SccLocalPath2 = TsinghuaNet\\TsinghuaNet.Shared
		SccProjectUniqueName3 = TsinghuaNet\\TsinghuaNet.Windows\\TsinghuaNet.Windows.csproj
		SccProjectTopLevelParentUniqueName3 = TsinghuaNet.sln
		SccProjectName3 = TsinghuaNet/TsinghuaNet.Windows
		SccLocalPath3 = TsinghuaNet\\TsinghuaNet.Windows
		SccProjectUniqueName4 = TsinghuaNet\\TsinghuaNet.WindowsPhone\\TsinghuaNet.WindowsPhone.csproj
		SccProjectTopLevelParentUniqueName4 = TsinghuaNet.sln
		SccProjectName4 = TsinghuaNet/TsinghuaNet.WindowsPhone
		SccLocalPath4 = TsinghuaNet\\TsinghuaNet.WindowsPhone
		SccProjectUniqueName5 = Tasks\\Tasks.csproj
		SccProjectTopLevelParentUniqueName5 = TsinghuaNet.sln
		SccProjectName5 = Tasks
		SccLocalPath5 = Tasks
	EndGlobalSection
	GlobalSection(SolutionConfigurationPlatforms) = preSolution
		Debug|Any CPU = Debug|Any CPU
		Debug|ARM = Debug|ARM
		Debug|x64 = Debug|x64
		Debug|x86 = Debug|x86
		Release|Any CPU = Release|Any CPU
		Release|ARM = Release|ARM
		Release|x64 = Release|x64
		Release|x86 = Release|x86
	EndGlobalSection
	GlobalSection(ProjectConfigurationPlatforms) = postSolution
		{1ED5FB87-2923-4335-8972-820B10D95F75}.Debug|Any CPU.ActiveCfg = Debug|Any CPU
		{1ED5FB87-2923-4335-8972-820B10D95F75}.Debug|Any CPU.Build.0 = Debug|Any CPU
		{1ED5FB87-2923-4335-8972-820B10D95F75}.Debug|Any CPU.Deploy.0 = Debug|Any CPU
		{1ED5FB87-2923-4335-8972-820B10D95F75}.Debug|ARM.ActiveCfg = Debug|ARM
		{1ED5FB87-2923-4335-8972-820B10D95F75}.Debug|ARM.Build.0 = Debug|ARM
		{1ED5FB87-2923-4335-8972-820B10D95F75}.Debug|ARM.Deploy.0 = Debug|ARM
		{1ED5FB87-2923-4335-8972-820B10D95F75}.Debug|x64.ActiveCfg = Debug|x64
		{1ED5FB87-2923-4335-8972-820B10D95F75}.Debug|x64.Build.0 = Debug|x64
		{1ED5FB87-2923-4335-8972-820B10D95F75}.Debug|x64.Deploy.0 = Debug|x64
		{1ED5FB87-2923-4335-8972-820B10D95F75}.Debug|x86.ActiveCfg = Debug|x86
		{1ED5FB87-2923-4335-8972-820B10D95F75}.Debug|x86.Build.0 = Debug|x86
		{1ED5FB87-2923-4335-8972-820B10D95F75}.Debug|x86.Deploy.0 = Debug|x86
		{1ED5FB87-2923-4335-8972-820B10D95F75}.Release|Any CPU.ActiveCfg = Release|Any CPU
		{1ED5FB87-2923-4335-8972-820B10D95F75}.Release|Any CPU.Build.0 = Release|Any CPU
		{1ED5FB87-2923-4335-8972-820B10D95F75}.Release|Any CPU.Deploy.0 = Release|Any CPU
		{1ED5FB87-2923-4335-8972-820B10D95F75}.Release|ARM.ActiveCfg = Release|ARM
		{1ED5FB87-2923-4335-8972-820B10D95F75}.Release|ARM.Build.0 = Release|ARM
		{1ED5FB87-2923-4335-8972-820B10D95F75}.Release|ARM.Deploy.0 = Release|ARM
		{1ED5FB87-2923-4335-8972-820B10D95F75}.Release|x64.ActiveCfg = Release|x64
		{1ED5FB87-2923-4335-8972-820B10D95F75}.Release|x64.Build.0 = Release|x64
		{1ED5FB87-2923-4335-8972-820B10D95F75}.Release|x64.Deploy.0 = Release|x64
		{1ED5FB87-2923-4335-8972-820B10D95F75}.Release|x86.ActiveCfg = Release|x86
		{1ED5FB87-2923-4335-8972-820B10D95F75}.Release|x86.Build.0 = Release|x86
		{1ED5FB87-2923-4335-8972-820B10D95F75}.Release|x86.Deploy.0 = Release|x86
		{EBB065FD-81A8-4212-88E0-3621CDB6CAA4}.Debug|Any CPU.ActiveCfg = Debug|Any CPU
		{EBB065FD-81A8-4212-88E0-3621CDB6CAA4}.Debug|Any CPU.Build.0 = Debug|Any CPU
		{EBB065FD-81A8-4212-88E0-3621CDB6CAA4}.Debug|Any CPU.Deploy.0 = Debug|Any CPU
		{EBB065FD-81A8-4212-88E0-3621CDB6CAA4}.Debug|ARM.ActiveCfg = Debug|ARM
		{EBB065FD-81A8-4212-88E0-3621CDB6CAA4}.Debug|ARM.Build.0 = Debug|ARM
		{EBB065FD-81A8-4212-88E0-3621CDB6CAA4}.Debug|ARM.Deploy.0 = Debug|ARM
		{EBB065FD-81A8-4212-88E0-3621CDB6CAA4}.Debug|x64.ActiveCfg = Debug|Any CPU
		{EBB065FD-81A8-4212-88E0-3621CDB6CAA4}.Debug|x86.ActiveCfg = Debug|x86
		{EBB065FD-81A8-4212-88E0-3621CDB6CAA4}.Debug|x86.Build.0 = Debug|x86
		{EBB065FD-81A8-4212-88E0-3621CDB6CAA4}.Debug|x86.Deploy.0 = Debug|x86
		{EBB065FD-81A8-4212-88E0-3621CDB6CAA4}.Release|Any CPU.ActiveCfg = Release|Any CPU
		{EBB065FD-81A8-4212-88E0-3621CDB6CAA4}.Release|Any CPU.Build.0 = Release|Any CPU
		{EBB065FD-81A8-4212-88E0-3621CDB6CAA4}.Release|Any CPU.Deploy.0 = Release|Any CPU
		{EBB065FD-81A8-4212-88E0-3621CDB6CAA4}.Release|ARM.ActiveCfg = Release|ARM
		{EBB065FD-81A8-4212-88E0-3621CDB6CAA4}.Release|ARM.Build.0 = Release|ARM
		{EBB065FD-81A8-4212-88E0-3621CDB6CAA4}.Release|ARM.Deploy.0 = Release|ARM
		{EBB065FD-81A8-4212-88E0-3621CDB6CAA4}.Release|x64.ActiveCfg = Release|Any CPU
		{EBB065FD-81A8-4212-88E0-3621CDB6CAA4}.Release|x86.ActiveCfg = Release|x86
		{EBB065FD-81A8-4212-88E0-3621CDB6CAA4}.Release|x86.Build.0 = Release|x86
		{EBB065FD-81A8-4212-88E0-3621CDB6CAA4}.Release|x86.Deploy.0 = Release|x86
		{325C93EF-3A24-4BE4-90B4-528C1197D2CE}.Debug|Any CPU.ActiveCfg = Debug|Any CPU
		{325C93EF-3A24-4BE4-90B4-528C1197D2CE}.Debug|Any CPU.Build.0 = Debug|Any CPU
		{325C93EF-3A24-4BE4-90B4-528C1197D2CE}.Debug|ARM.ActiveCfg = Debug|Any CPU
		{325C93EF-3A24-4BE4-90B4-528C1197D2CE}.Debug|x64.ActiveCfg = Debug|Any CPU
		{325C93EF-3A24-4BE4-90B4-528C1197D2CE}.Debug|x86.ActiveCfg = Debug|Any CPU
		{325C93EF-3A24-4BE4-90B4-528C1197D2CE}.Release|Any CPU.ActiveCfg = Release|Any CPU
		{325C93EF-3A24-4BE4-90B4-528C1197D2CE}.Release|Any CPU.Build.0 = Release|Any CPU
		{325C93EF-3A24-4BE4-90B4-528C1197D2CE}.Release|ARM.ActiveCfg = Release|Any CPU
		{325C93EF-3A24-4BE4-90B4-528C1197D2CE}.Release|x64.ActiveCfg = Release|Any CPU
		{325C93EF-3A24-4BE4-90B4-528C1197D2CE}.Release|x86.ActiveCfg = Release|Any CPU
	EndGlobalSection
	GlobalSection(SolutionProperties) = preSolution
		HideSolutionNode = FALSE
	EndGlobalSection
	GlobalSection(NestedProjects) = preSolution
		{53EAFDCD-C3EA-4792-AB30-DBD4987CF04F} = {466A0B9A-789F-4347-9914-FE7EE691362C}
		{1ED5FB87-2923-4335-8972-820B10D95F75} = {466A0B9A-789F-4347-9914-FE7EE691362C}
		{EBB065FD-81A8-4212-88E0-3621CDB6CAA4} = {466A0B9A-789F-4347-9914-FE7EE691362C}
		{325C93EF-3A24-4BE4-90B4-528C1197D2CE} = {466A0B9A-789F-4347-9914-FE7EE691362C}
	EndGlobalSection
EndGlobal
