
Microsoft Visual Studio Solution File, Format Version 12.00
# Visual Studio 14
VisualStudioVersion = 14.0.23107.0
MinimumVisualStudioVersion = 10.0.40219.1
Project("{FAE04EC0-301F-11D3-BF4B-00C04F79EFBC}") = "Tasks", "Tasks\Tasks.csproj", "{325C93EF-3A24-4BE4-90B4-528C1197D2CE}"
EndProject
Project("{FAE04EC0-301F-11D3-BF4B-00C04F79EFBC}") = "TsinghuaNet.Windows", "TsinghuaNet\TsinghuaNet.Windows\TsinghuaNet.Windows.csproj", "{1ED5FB87-2923-4335-8972-820B10D95F75}"
EndProject
Global
	GlobalSection(SolutionConfigurationPlatforms) = preSolution
		Debug|Any CPU = Debug|Any CPU
		Debug|ARM = Debug|ARM
		Debug|x64 = Debug|x64
		Debug|x86 = Debug|x86
		Release|Any CPU = Release|Any CPU
		Release|ARM = Release|ARM
		Release|x64 = Release|x64
		Release|x86 = Release|x86
	EndGlobalSection
	GlobalSection(ProjectConfigurationPlatforms) = postSolution
		{325C93EF-3A24-4BE4-90B4-528C1197D2CE}.Debug|Any CPU.ActiveCfg = Debug|Any CPU
		{325C93EF-3A24-4BE4-90B4-528C1197D2CE}.Debug|Any CPU.Build.0 = Debug|Any CPU
		{325C93EF-3A24-4BE4-90B4-528C1197D2CE}.Debug|ARM.ActiveCfg = Debug|Any CPU
		{325C93EF-3A24-4BE4-90B4-528C1197D2CE}.Debug|ARM.Build.0 = Debug|Any CPU
		{325C93EF-3A24-4BE4-90B4-528C1197D2CE}.Debug|x64.ActiveCfg = Debug|Any CPU
		{325C93EF-3A24-4BE4-90B4-528C1197D2CE}.Debug|x64.Build.0 = Debug|Any CPU
		{325C93EF-3A24-4BE4-90B4-528C1197D2CE}.Debug|x86.ActiveCfg = Debug|Any CPU
		{325C93EF-3A24-4BE4-90B4-528C1197D2CE}.Debug|x86.Build.0 = Debug|Any CPU
		{325C93EF-3A24-4BE4-90B4-528C1197D2CE}.Release|Any CPU.ActiveCfg = Release|Any CPU
		{325C93EF-3A24-4BE4-90B4-528C1197D2CE}.Release|Any CPU.Build.0 = Release|Any CPU
		{325C93EF-3A24-4BE4-90B4-528C1197D2CE}.Release|ARM.ActiveCfg = Release|Any CPU
		{325C93EF-3A24-4BE4-90B4-528C1197D2CE}.Release|ARM.Build.0 = Release|Any CPU
		{325C93EF-3A24-4BE4-90B4-528C1197D2CE}.Release|x64.ActiveCfg = Release|Any CPU
		{325C93EF-3A24-4BE4-90B4-528C1197D2CE}.Release|x64.Build.0 = Release|Any CPU
		{325C93EF-3A24-4BE4-90B4-528C1197D2CE}.Release|x86.ActiveCfg = Release|Any CPU
		{325C93EF-3A24-4BE4-90B4-528C1197D2CE}.Release|x86.Build.0 = Release|Any CPU
		{1ED5FB87-2923-4335-8972-820B10D95F75}.Debug|Any CPU.ActiveCfg = Debug|Any CPU
		{1ED5FB87-2923-4335-8972-820B10D95F75}.Debug|Any CPU.Build.0 = Debug|Any CPU
		{1ED5FB87-2923-4335-8972-820B10D95F75}.Debug|Any CPU.Deploy.0 = Debug|Any CPU
		{1ED5FB87-2923-4335-8972-820B10D95F75}.Debug|ARM.ActiveCfg = Debug|ARM
		{1ED5FB87-2923-4335-8972-820B10D95F75}.Debug|ARM.Build.0 = Debug|ARM
		{1ED5FB87-2923-4335-8972-820B10D95F75}.Debug|ARM.Deploy.0 = Debug|ARM
		{1ED5FB87-2923-4335-8972-820B10D95F75}.Debug|x64.ActiveCfg = Debug|x64
		{1ED5FB87-2923-4335-8972-820B10D95F75}.Debug|x64.Build.0 = Debug|x64
		{1ED5FB87-2923-4335-8972-820B10D95F75}.Debug|x64.Deploy.0 = Debug|x64
		{1ED5FB87-2923-4335-8972-820B10D95F75}.Debug|x86.ActiveCfg = Debug|x86
		{1ED5FB87-2923-4335-8972-820B10D95F75}.Debug|x86.Build.0 = Debug|x86
		{1ED5FB87-2923-4335-8972-820B10D95F75}.Debug|x86.Deploy.0 = Debug|x86
		{1ED5FB87-2923-4335-8972-820B10D95F75}.Release|Any CPU.ActiveCfg = Release|Any CPU
		{1ED5FB87-2923-4335-8972-820B10D95F75}.Release|Any CPU.Build.0 = Release|Any CPU
		{1ED5FB87-2923-4335-8972-820B10D95F75}.Release|Any CPU.Deploy.0 = Release|Any CPU
		{1ED5FB87-2923-4335-8972-820B10D95F75}.Release|ARM.ActiveCfg = Release|ARM
		{1ED5FB87-2923-4335-8972-820B10D95F75}.Release|ARM.Build.0 = Release|ARM
		{1ED5FB87-2923-4335-8972-820B10D95F75}.Release|ARM.Deploy.0 = Release|ARM
		{1ED5FB87-2923-4335-8972-820B10D95F75}.Release|x64.ActiveCfg = Release|x64
		{1ED5FB87-2923-4335-8972-820B10D95F75}.Release|x64.Build.0 = Release|x64
		{1ED5FB87-2923-4335-8972-820B10D95F75}.Release|x64.Deploy.0 = Release|x64
		{1ED5FB87-2923-4335-8972-820B10D95F75}.Release|x86.ActiveCfg = Release|x86
		{1ED5FB87-2923-4335-8972-820B10D95F75}.Release|x86.Build.0 = Release|x86
		{1ED5FB87-2923-4335-8972-820B10D95F75}.Release|x86.Deploy.0 = Release|x86
	EndGlobalSection
	GlobalSection(SolutionProperties) = preSolution
		HideSolutionNode = FALSE
	EndGlobalSection
	GlobalSection(TeamFoundationVersionControl) = preSolution
		SccNumberOfProjects = 3
		SccEnterpriseProvider = {4CA58AB2-18FA-4F8D-95D4-32DDF27D184C}
		SccTeamFoundationServer = https://liuzhengyuan13.visualstudio.com/defaultcollection
		SccLocalPath0 = .
		SccProjectUniqueName1 = Tasks\\Tasks.csproj
		SccProjectName1 = Tasks
		SccLocalPath1 = Tasks
		SccProjectUniqueName2 = TsinghuaNet\\TsinghuaNet.Windows\\TsinghuaNet.Windows.csproj
		SccProjectName2 = TsinghuaNet/TsinghuaNet.Windows
		SccLocalPath2 = TsinghuaNet\\TsinghuaNet.Windows
	EndGlobalSection
EndGlobal
