
Microsoft Visual Studio Solution File, Format Version 12.00
# Visual Studio 14
VisualStudioVersion = 14.0.23107.0
MinimumVisualStudioVersion = 10.0.40219.1
Project("{FAE04EC0-301F-11D3-BF4B-00C04F79EFBC}") = "TsinghuaNet", "TsinghuaNet\TsinghuaNet.csproj", "{06DC7B42-E909-4B1B-A057-9B4BD0327603}"
EndProject
Project("{FAE04EC0-301F-11D3-BF4B-00C04F79EFBC}") = "BackgroundLogOnTask", "BackgroundLogOnTask\BackgroundLogOnTask.csproj", "{C0117ECF-6DC4-4B31-A677-BDBC5F602E00}"
EndProject
Project("{FAE04EC0-301F-11D3-BF4B-00C04F79EFBC}") = "Web", "Web\Web.csproj", "{F6A4B63E-1BBC-491F-8AB9-3415DF88FDD8}"
EndProject
Global
	GlobalSection(SolutionConfigurationPlatforms) = preSolution
		Debug|Any CPU = Debug|Any CPU
		Debug|ARM = Debug|ARM
		Debug|x64 = Debug|x64
		Debug|x86 = Debug|x86
		Release|Any CPU = Release|Any CPU
		Release|ARM = Release|ARM
		Release|x64 = Release|x64
		Release|x86 = Release|x86
	EndGlobalSection
	GlobalSection(ProjectConfigurationPlatforms) = postSolution
		{06DC7B42-E909-4B1B-A057-9B4BD0327603}.Debug|Any CPU.ActiveCfg = Debug|x86
		{06DC7B42-E909-4B1B-A057-9B4BD0327603}.Debug|ARM.ActiveCfg = Debug|ARM
		{06DC7B42-E909-4B1B-A057-9B4BD0327603}.Debug|ARM.Build.0 = Debug|ARM
		{06DC7B42-E909-4B1B-A057-9B4BD0327603}.Debug|ARM.Deploy.0 = Debug|ARM
		{06DC7B42-E909-4B1B-A057-9B4BD0327603}.Debug|x64.ActiveCfg = Debug|x64
		{06DC7B42-E909-4B1B-A057-9B4BD0327603}.Debug|x64.Build.0 = Debug|x64
		{06DC7B42-E909-4B1B-A057-9B4BD0327603}.Debug|x64.Deploy.0 = Debug|x64
		{06DC7B42-E909-4B1B-A057-9B4BD0327603}.Debug|x86.ActiveCfg = Debug|x86
		{06DC7B42-E909-4B1B-A057-9B4BD0327603}.Debug|x86.Build.0 = Debug|x86
		{06DC7B42-E909-4B1B-A057-9B4BD0327603}.Debug|x86.Deploy.0 = Debug|x86
		{06DC7B42-E909-4B1B-A057-9B4BD0327603}.Release|Any CPU.ActiveCfg = Release|x86
		{06DC7B42-E909-4B1B-A057-9B4BD0327603}.Release|ARM.ActiveCfg = Release|ARM
		{06DC7B42-E909-4B1B-A057-9B4BD0327603}.Release|ARM.Build.0 = Release|ARM
		{06DC7B42-E909-4B1B-A057-9B4BD0327603}.Release|ARM.Deploy.0 = Release|ARM
		{06DC7B42-E909-4B1B-A057-9B4BD0327603}.Release|x64.ActiveCfg = Release|x64
		{06DC7B42-E909-4B1B-A057-9B4BD0327603}.Release|x64.Build.0 = Release|x64
		{06DC7B42-E909-4B1B-A057-9B4BD0327603}.Release|x64.Deploy.0 = Release|x64
		{06DC7B42-E909-4B1B-A057-9B4BD0327603}.Release|x86.ActiveCfg = Release|x86
		{06DC7B42-E909-4B1B-A057-9B4BD0327603}.Release|x86.Build.0 = Release|x86
		{06DC7B42-E909-4B1B-A057-9B4BD0327603}.Release|x86.Deploy.0 = Release|x86
		{C0117ECF-6DC4-4B31-A677-BDBC5F602E00}.Debug|Any CPU.ActiveCfg = Debug|Any CPU
		{C0117ECF-6DC4-4B31-A677-BDBC5F602E00}.Debug|Any CPU.Build.0 = Debug|Any CPU
		{C0117ECF-6DC4-4B31-A677-BDBC5F602E00}.Debug|ARM.ActiveCfg = Debug|ARM
		{C0117ECF-6DC4-4B31-A677-BDBC5F602E00}.Debug|ARM.Build.0 = Debug|ARM
		{C0117ECF-6DC4-4B31-A677-BDBC5F602E00}.Debug|x64.ActiveCfg = Debug|x64
		{C0117ECF-6DC4-4B31-A677-BDBC5F602E00}.Debug|x64.Build.0 = Debug|x64
		{C0117ECF-6DC4-4B31-A677-BDBC5F602E00}.Debug|x86.ActiveCfg = Debug|x86
		{C0117ECF-6DC4-4B31-A677-BDBC5F602E00}.Debug|x86.Build.0 = Debug|x86
		{C0117ECF-6DC4-4B31-A677-BDBC5F602E00}.Release|Any CPU.ActiveCfg = Release|Any CPU
		{C0117ECF-6DC4-4B31-A677-BDBC5F602E00}.Release|Any CPU.Build.0 = Release|Any CPU
		{C0117ECF-6DC4-4B31-A677-BDBC5F602E00}.Release|ARM.ActiveCfg = Release|ARM
		{C0117ECF-6DC4-4B31-A677-BDBC5F602E00}.Release|ARM.Build.0 = Release|ARM
		{C0117ECF-6DC4-4B31-A677-BDBC5F602E00}.Release|x64.ActiveCfg = Release|x64
		{C0117ECF-6DC4-4B31-A677-BDBC5F602E00}.Release|x64.Build.0 = Release|x64
		{C0117ECF-6DC4-4B31-A677-BDBC5F602E00}.Release|x86.ActiveCfg = Release|x86
		{C0117ECF-6DC4-4B31-A677-BDBC5F602E00}.Release|x86.Build.0 = Release|x86
		{F6A4B63E-1BBC-491F-8AB9-3415DF88FDD8}.Debug|Any CPU.ActiveCfg = Debug|Any CPU
		{F6A4B63E-1BBC-491F-8AB9-3415DF88FDD8}.Debug|Any CPU.Build.0 = Debug|Any CPU
		{F6A4B63E-1BBC-491F-8AB9-3415DF88FDD8}.Debug|ARM.ActiveCfg = Debug|ARM
		{F6A4B63E-1BBC-491F-8AB9-3415DF88FDD8}.Debug|ARM.Build.0 = Debug|ARM
		{F6A4B63E-1BBC-491F-8AB9-3415DF88FDD8}.Debug|x64.ActiveCfg = Debug|x64
		{F6A4B63E-1BBC-491F-8AB9-3415DF88FDD8}.Debug|x64.Build.0 = Debug|x64
		{F6A4B63E-1BBC-491F-8AB9-3415DF88FDD8}.Debug|x86.ActiveCfg = Debug|x86
		{F6A4B63E-1BBC-491F-8AB9-3415DF88FDD8}.Debug|x86.Build.0 = Debug|x86
		{F6A4B63E-1BBC-491F-8AB9-3415DF88FDD8}.Release|Any CPU.ActiveCfg = Release|Any CPU
		{F6A4B63E-1BBC-491F-8AB9-3415DF88FDD8}.Release|Any CPU.Build.0 = Release|Any CPU
		{F6A4B63E-1BBC-491F-8AB9-3415DF88FDD8}.Release|ARM.ActiveCfg = Release|ARM
		{F6A4B63E-1BBC-491F-8AB9-3415DF88FDD8}.Release|ARM.Build.0 = Release|ARM
		{F6A4B63E-1BBC-491F-8AB9-3415DF88FDD8}.Release|x64.ActiveCfg = Release|x64
		{F6A4B63E-1BBC-491F-8AB9-3415DF88FDD8}.Release|x64.Build.0 = Release|x64
		{F6A4B63E-1BBC-491F-8AB9-3415DF88FDD8}.Release|x86.ActiveCfg = Release|x86
		{F6A4B63E-1BBC-491F-8AB9-3415DF88FDD8}.Release|x86.Build.0 = Release|x86
	EndGlobalSection
	GlobalSection(SolutionProperties) = preSolution
		HideSolutionNode = FALSE
	EndGlobalSection
	GlobalSection(TeamFoundationVersionControl) = preSolution
		SccNumberOfProjects = 4
		SccEnterpriseProvider = {4CA58AB2-18FA-4F8D-95D4-32DDF27D184C}
		SccTeamFoundationServer = https://liuzhengyuan13.visualstudio.com/defaultcollection
		SccLocalPath0 = .
		SccProjectUniqueName1 = TsinghuaNet\\TsinghuaNet.csproj
		SccProjectName1 = TsinghuaNet
		SccLocalPath1 = TsinghuaNet
		SccProjectUniqueName2 = BackgroundLogOnTask\\BackgroundLogOnTask.csproj
		SccProjectName2 = BackgroundLogOnTask
		SccLocalPath2 = BackgroundLogOnTask
		SccProjectUniqueName3 = Web\\Web.csproj
		SccProjectName3 = Web
		SccLocalPath3 = Web
	EndGlobalSection
EndGlobal
