
Microsoft Visual Studio Solution File, Format Version 12.00
# Visual Studio 14
VisualStudioVersion = 14.0.23107.0
MinimumVisualStudioVersion = 10.0.40219.1
Project("{FAE04EC0-301F-11D3-BF4B-00C04F79EFBC}") = "BackgroundLogOnTask", "BackgroundLogOnTask\BackgroundLogOnTask.csproj", "{C0117ECF-6DC4-4B31-A677-BDBC5F602E00}"
EndProject
Project("{FAE04EC0-301F-11D3-BF4B-00C04F79EFBC}") = "Web", "Web\Web.csproj", "{F6A4B63E-1BBC-491F-8AB9-3415DF88FDD8}"
EndProject
Project("{FAE04EC0-301F-11D3-BF4B-00C04F79EFBC}") = "NotificationService", "NotificationService\NotificationService.csproj", "{B856C287-9A19-445E-B6DA-B3A2579BE646}"
EndProject
Project("{FAE04EC0-301F-11D3-BF4B-00C04F79EFBC}") = "TsinghuaNet", "TsinghuaNet\TsinghuaNet.csproj", "{3ACA6B72-66BA-423F-8A18-1F227D47B84C}"
EndProject
Global
	GlobalSection(SolutionConfigurationPlatforms) = preSolution
		Debug|ARM = Debug|ARM
		Debug|x64 = Debug|x64
		Debug|x86 = Debug|x86
		Release|ARM = Release|ARM
		Release|x64 = Release|x64
		Release|x86 = Release|x86
	EndGlobalSection
	GlobalSection(ProjectConfigurationPlatforms) = postSolution
		{C0117ECF-6DC4-4B31-A677-BDBC5F602E00}.Debug|ARM.ActiveCfg = Debug|ARM
		{C0117ECF-6DC4-4B31-A677-BDBC5F602E00}.Debug|ARM.Build.0 = Debug|ARM
		{C0117ECF-6DC4-4B31-A677-BDBC5F602E00}.Debug|x64.ActiveCfg = Debug|x64
		{C0117ECF-6DC4-4B31-A677-BDBC5F602E00}.Debug|x64.Build.0 = Debug|x64
		{C0117ECF-6DC4-4B31-A677-BDBC5F602E00}.Debug|x86.ActiveCfg = Debug|x86
		{C0117ECF-6DC4-4B31-A677-BDBC5F602E00}.Debug|x86.Build.0 = Debug|x86
		{C0117ECF-6DC4-4B31-A677-BDBC5F602E00}.Release|ARM.ActiveCfg = Release|ARM
		{C0117ECF-6DC4-4B31-A677-BDBC5F602E00}.Release|ARM.Build.0 = Release|ARM
		{C0117ECF-6DC4-4B31-A677-BDBC5F602E00}.Release|x64.ActiveCfg = Release|x64
		{C0117ECF-6DC4-4B31-A677-BDBC5F602E00}.Release|x64.Build.0 = Release|x64
		{C0117ECF-6DC4-4B31-A677-BDBC5F602E00}.Release|x86.ActiveCfg = Release|x86
		{C0117ECF-6DC4-4B31-A677-BDBC5F602E00}.Release|x86.Build.0 = Release|x86
		{F6A4B63E-1BBC-491F-8AB9-3415DF88FDD8}.Debug|ARM.ActiveCfg = Debug|ARM
		{F6A4B63E-1BBC-491F-8AB9-3415DF88FDD8}.Debug|ARM.Build.0 = Debug|ARM
		{F6A4B63E-1BBC-491F-8AB9-3415DF88FDD8}.Debug|x64.ActiveCfg = Debug|x64
		{F6A4B63E-1BBC-491F-8AB9-3415DF88FDD8}.Debug|x64.Build.0 = Debug|x64
		{F6A4B63E-1BBC-491F-8AB9-3415DF88FDD8}.Debug|x86.ActiveCfg = Debug|x86
		{F6A4B63E-1BBC-491F-8AB9-3415DF88FDD8}.Debug|x86.Build.0 = Debug|x86
		{F6A4B63E-1BBC-491F-8AB9-3415DF88FDD8}.Release|ARM.ActiveCfg = Release|ARM
		{F6A4B63E-1BBC-491F-8AB9-3415DF88FDD8}.Release|ARM.Build.0 = Release|ARM
		{F6A4B63E-1BBC-491F-8AB9-3415DF88FDD8}.Release|x64.ActiveCfg = Release|x64
		{F6A4B63E-1BBC-491F-8AB9-3415DF88FDD8}.Release|x64.Build.0 = Release|x64
		{F6A4B63E-1BBC-491F-8AB9-3415DF88FDD8}.Release|x86.ActiveCfg = Release|x86
		{F6A4B63E-1BBC-491F-8AB9-3415DF88FDD8}.Release|x86.Build.0 = Release|x86
		{B856C287-9A19-445E-B6DA-B3A2579BE646}.Debug|ARM.ActiveCfg = Debug|ARM
		{B856C287-9A19-445E-B6DA-B3A2579BE646}.Debug|ARM.Build.0 = Debug|ARM
		{B856C287-9A19-445E-B6DA-B3A2579BE646}.Debug|ARM.Deploy.0 = Debug|ARM
		{B856C287-9A19-445E-B6DA-B3A2579BE646}.Debug|x64.ActiveCfg = Debug|x64
		{B856C287-9A19-445E-B6DA-B3A2579BE646}.Debug|x64.Build.0 = Debug|x64
		{B856C287-9A19-445E-B6DA-B3A2579BE646}.Debug|x86.ActiveCfg = Debug|x86
		{B856C287-9A19-445E-B6DA-B3A2579BE646}.Debug|x86.Build.0 = Debug|x86
		{B856C287-9A19-445E-B6DA-B3A2579BE646}.Release|ARM.ActiveCfg = Release|ARM
		{B856C287-9A19-445E-B6DA-B3A2579BE646}.Release|ARM.Build.0 = Release|ARM
		{B856C287-9A19-445E-B6DA-B3A2579BE646}.Release|x64.ActiveCfg = Release|x64
		{B856C287-9A19-445E-B6DA-B3A2579BE646}.Release|x64.Build.0 = Release|x64
		{B856C287-9A19-445E-B6DA-B3A2579BE646}.Release|x86.ActiveCfg = Release|x86
		{B856C287-9A19-445E-B6DA-B3A2579BE646}.Release|x86.Build.0 = Release|x86
		{3ACA6B72-66BA-423F-8A18-1F227D47B84C}.Debug|ARM.ActiveCfg = Debug|ARM
		{3ACA6B72-66BA-423F-8A18-1F227D47B84C}.Debug|ARM.Build.0 = Debug|ARM
		{3ACA6B72-66BA-423F-8A18-1F227D47B84C}.Debug|ARM.Deploy.0 = Debug|ARM
		{3ACA6B72-66BA-423F-8A18-1F227D47B84C}.Debug|x64.ActiveCfg = Debug|x64
		{3ACA6B72-66BA-423F-8A18-1F227D47B84C}.Debug|x64.Build.0 = Debug|x64
		{3ACA6B72-66BA-423F-8A18-1F227D47B84C}.Debug|x64.Deploy.0 = Debug|x64
		{3ACA6B72-66BA-423F-8A18-1F227D47B84C}.Debug|x86.ActiveCfg = Debug|x86
		{3ACA6B72-66BA-423F-8A18-1F227D47B84C}.Debug|x86.Build.0 = Debug|x86
		{3ACA6B72-66BA-423F-8A18-1F227D47B84C}.Debug|x86.Deploy.0 = Debug|x86
		{3ACA6B72-66BA-423F-8A18-1F227D47B84C}.Release|ARM.ActiveCfg = Release|ARM
		{3ACA6B72-66BA-423F-8A18-1F227D47B84C}.Release|ARM.Build.0 = Release|ARM
		{3ACA6B72-66BA-423F-8A18-1F227D47B84C}.Release|ARM.Deploy.0 = Release|ARM
		{3ACA6B72-66BA-423F-8A18-1F227D47B84C}.Release|x64.ActiveCfg = Release|x64
		{3ACA6B72-66BA-423F-8A18-1F227D47B84C}.Release|x64.Build.0 = Release|x64
		{3ACA6B72-66BA-423F-8A18-1F227D47B84C}.Release|x64.Deploy.0 = Release|x64
		{3ACA6B72-66BA-423F-8A18-1F227D47B84C}.Release|x86.ActiveCfg = Release|x86
		{3ACA6B72-66BA-423F-8A18-1F227D47B84C}.Release|x86.Build.0 = Release|x86
		{3ACA6B72-66BA-423F-8A18-1F227D47B84C}.Release|x86.Deploy.0 = Release|x86
	EndGlobalSection
	GlobalSection(SolutionProperties) = preSolution
		HideSolutionNode = FALSE
	EndGlobalSection
	GlobalSection(TeamFoundationVersionControl) = preSolution
		SccNumberOfProjects = 5
		SccEnterpriseProvider = {4CA58AB2-18FA-4F8D-95D4-32DDF27D184C}
		SccTeamFoundationServer = https://liuzhengyuan13.visualstudio.com/defaultcollection
		SccLocalPath0 = .
		SccProjectUniqueName1 = BackgroundLogOnTask\\BackgroundLogOnTask.csproj
		SccProjectName1 = BackgroundLogOnTask
		SccLocalPath1 = BackgroundLogOnTask
		SccProjectUniqueName2 = Web\\Web.csproj
		SccProjectName2 = Web
		SccLocalPath2 = Web
		SccProjectUniqueName3 = NotificationService\\NotificationService.csproj
		SccProjectName3 = NotificationService
		SccLocalPath3 = NotificationService
		SccProjectUniqueName4 = TsinghuaNet\\TsinghuaNet.csproj
		SccProjectName4 = TsinghuaNet
		SccLocalPath4 = TsinghuaNet
	EndGlobalSection
EndGlobal
